// !$*UTF8*$!
{
	archiveVersion = 1;
	classes = {
	};
	objectVersion = 46;
	objects = {

/* Begin PBXBuildFile section */
		5CC4D440937A5D576C300EAA /* libPods.a in Frameworks */ = {isa = PBXBuildFile; fileRef = 50639E2347B4C9610E85F6F3 /* libPods.a */; };
		952715561A2ED001008D43EF /* Crashlytics.framework in Frameworks */ = {isa = PBXBuildFile; fileRef = 952715541A2ED001008D43EF /* Crashlytics.framework */; };
		952715571A2ED001008D43EF /* Fabric.framework in Frameworks */ = {isa = PBXBuildFile; fileRef = 952715551A2ED001008D43EF /* Fabric.framework */; };
		952715591A2EDB05008D43EF /* CoreLocation.framework in Frameworks */ = {isa = PBXBuildFile; fileRef = 952715581A2EDB05008D43EF /* CoreLocation.framework */; };
		9527155B1A2EDF58008D43EF /* SDKVersion.swift in Sources */ = {isa = PBXBuildFile; fileRef = 9527155A1A2EDF58008D43EF /* SDKVersion.swift */; };
		9527155D1A2F89D5008D43EF /* UIButton+Extensions.swift in Sources */ = {isa = PBXBuildFile; fileRef = 9527155C1A2F89D5008D43EF /* UIButton+Extensions.swift */; };
		9527155F1A2F8ADA008D43EF /* UIImageView+Extensions.swift in Sources */ = {isa = PBXBuildFile; fileRef = 9527155E1A2F8ADA008D43EF /* UIImageView+Extensions.swift */; };
		9574A3351A24261B00399531 /* AppDelegate.swift in Sources */ = {isa = PBXBuildFile; fileRef = 9574A3341A24261B00399531 /* AppDelegate.swift */; };
		9574A3381A24261B00399531 /* leexplorer.xcdatamodeld in Sources */ = {isa = PBXBuildFile; fileRef = 9574A3361A24261B00399531 /* leexplorer.xcdatamodeld */; };
		9574A33A1A24261B00399531 /* GalleryListViewController.swift in Sources */ = {isa = PBXBuildFile; fileRef = 9574A3391A24261B00399531 /* GalleryListViewController.swift */; };
		9574A33D1A24261B00399531 /* Main.storyboard in Resources */ = {isa = PBXBuildFile; fileRef = 9574A33B1A24261B00399531 /* Main.storyboard */; };
		9574A33F1A24261B00399531 /* Images.xcassets in Resources */ = {isa = PBXBuildFile; fileRef = 9574A33E1A24261B00399531 /* Images.xcassets */; };
		9574A3421A24261B00399531 /* LaunchScreen.xib in Resources */ = {isa = PBXBuildFile; fileRef = 9574A3401A24261B00399531 /* LaunchScreen.xib */; };
		9574A34E1A24261B00399531 /* leexplorerTests.swift in Sources */ = {isa = PBXBuildFile; fileRef = 9574A34D1A24261B00399531 /* leexplorerTests.swift */; };
		9574A3601A24301F00399531 /* LeexplorerApi.swift in Sources */ = {isa = PBXBuildFile; fileRef = 9574A35F1A24301F00399531 /* LeexplorerApi.swift */; };
		9574A3621A2430CF00399531 /* Constants.swift in Sources */ = {isa = PBXBuildFile; fileRef = 9574A3611A2430CF00399531 /* Constants.swift */; };
		9574A3641A243CBC00399531 /* LELog.swift in Sources */ = {isa = PBXBuildFile; fileRef = 9574A3631A243CBC00399531 /* LELog.swift */; };
		9574A3691A24417400399531 /* GalleryCell.swift in Sources */ = {isa = PBXBuildFile; fileRef = 9574A3681A24417400399531 /* GalleryCell.swift */; };
		9574A36D1A24470300399531 /* GalleryCell.xib in Resources */ = {isa = PBXBuildFile; fileRef = 9574A36C1A24470300399531 /* GalleryCell.xib */; };
		9574A3701A24526A00399531 /* Gallery.swift in Sources */ = {isa = PBXBuildFile; fileRef = 9574A36F1A24526A00399531 /* Gallery.swift */; };
		95AD937E1A27A5ED001F4DD9 /* MKButton.swift in Sources */ = {isa = PBXBuildFile; fileRef = 95AD93771A27A5ED001F4DD9 /* MKButton.swift */; };
		95AD937F1A27A5ED001F4DD9 /* MKColor.swift in Sources */ = {isa = PBXBuildFile; fileRef = 95AD93781A27A5ED001F4DD9 /* MKColor.swift */; };
		95AD93801A27A5ED001F4DD9 /* MKLayer.swift in Sources */ = {isa = PBXBuildFile; fileRef = 95AD93791A27A5ED001F4DD9 /* MKLayer.swift */; };
		95AD93811A27A5ED001F4DD9 /* MKTableViewCell.swift in Sources */ = {isa = PBXBuildFile; fileRef = 95AD937A1A27A5ED001F4DD9 /* MKTableViewCell.swift */; };
		95AD93821A27A5ED001F4DD9 /* MKTextField.swift in Sources */ = {isa = PBXBuildFile; fileRef = 95AD937B1A27A5ED001F4DD9 /* MKTextField.swift */; };
		95AD93831A27A5ED001F4DD9 /* NibDesignable.swift in Sources */ = {isa = PBXBuildFile; fileRef = 95AD937D1A27A5ED001F4DD9 /* NibDesignable.swift */; };
		95B7D27A1A26D8D000F0764C /* ArtworkProfileViewController.swift in Sources */ = {isa = PBXBuildFile; fileRef = 95B7D2791A26D8D000F0764C /* ArtworkProfileViewController.swift */; };
		95B7D27C1A26EC4800F0764C /* ArtworkProfileHeaderView.swift in Sources */ = {isa = PBXBuildFile; fileRef = 95B7D27B1A26EC4800F0764C /* ArtworkProfileHeaderView.swift */; };
		95B7D27E1A26EC8D00F0764C /* ArtworkProfileHeaderView.xib in Resources */ = {isa = PBXBuildFile; fileRef = 95B7D27D1A26EC8D00F0764C /* ArtworkProfileHeaderView.xib */; };
		95B7D2801A279C8E00F0764C /* NSDateFormatter+leShared.swift in Sources */ = {isa = PBXBuildFile; fileRef = 95B7D27F1A279C8E00F0764C /* NSDateFormatter+leShared.swift */; };
		95CABB021A2AA47F00F354B2 /* MediaPlayerService.swift in Sources */ = {isa = PBXBuildFile; fileRef = 95CABB011A2AA47F00F354B2 /* MediaPlayerService.swift */; };
		95CABB041A2AA55B00F354B2 /* AVFoundation.framework in Frameworks */ = {isa = PBXBuildFile; fileRef = 95CABB031A2AA55B00F354B2 /* AVFoundation.framework */; };
		95CD75441A24F7EA00974B3C /* Localizable.strings in Resources */ = {isa = PBXBuildFile; fileRef = 95CD75431A24F7EA00974B3C /* Localizable.strings */; };
		95CD75461A24FBEE00974B3C /* Image.swift in Sources */ = {isa = PBXBuildFile; fileRef = 95CD75451A24FBEE00974B3C /* Image.swift */; };
		95CD75481A25369200974B3C /* MediaProcessor.swift in Sources */ = {isa = PBXBuildFile; fileRef = 95CD75471A25369200974B3C /* MediaProcessor.swift */; };
		95D00FE21A25439C00E3B655 /* ColorPalette.swift in Sources */ = {isa = PBXBuildFile; fileRef = 95D00FE11A25439C00E3B655 /* ColorPalette.swift */; };
		95D00FEC1A25692A00E3B655 /* GalleryProfileViewController.swift in Sources */ = {isa = PBXBuildFile; fileRef = 95D00FEB1A25692A00E3B655 /* GalleryProfileViewController.swift */; };
		95D00FF51A256BD700E3B655 /* ProfileSectionCell.swift in Sources */ = {isa = PBXBuildFile; fileRef = 95D00FF31A256BD700E3B655 /* ProfileSectionCell.swift */; };
		95D00FF61A256BD700E3B655 /* ProfileSectionCell.xib in Resources */ = {isa = PBXBuildFile; fileRef = 95D00FF41A256BD700E3B655 /* ProfileSectionCell.xib */; };
		95D00FF91A2588B200E3B655 /* GalleryProfileHeaderView.swift in Sources */ = {isa = PBXBuildFile; fileRef = 95D00FF81A2588B200E3B655 /* GalleryProfileHeaderView.swift */; };
		95D00FFB1A2588C600E3B655 /* GalleryProfileHeaderView.xib in Resources */ = {isa = PBXBuildFile; fileRef = 95D00FFA1A2588C600E3B655 /* GalleryProfileHeaderView.xib */; };
		95D00FFE1A25B11700E3B655 /* QuartzCore.framework in Frameworks */ = {isa = PBXBuildFile; fileRef = 95D00FFD1A25B11700E3B655 /* QuartzCore.framework */; };
		95D010001A26465700E3B655 /* GradientView.swift in Sources */ = {isa = PBXBuildFile; fileRef = 95D00FFF1A26465700E3B655 /* GradientView.swift */; };
		95D010021A266BD200E3B655 /* ArtworkListViewController.swift in Sources */ = {isa = PBXBuildFile; fileRef = 95D010011A266BD200E3B655 /* ArtworkListViewController.swift */; };
		95D010061A266FBB00E3B655 /* Artwork.swift in Sources */ = {isa = PBXBuildFile; fileRef = 95D010051A266FBB00E3B655 /* Artwork.swift */; };
		95D010081A267EDA00E3B655 /* Audio.swift in Sources */ = {isa = PBXBuildFile; fileRef = 95D010071A267EDA00E3B655 /* Audio.swift */; };
		95D0100B1A268E2F00E3B655 /* NSDate+leDateFromString.swift in Sources */ = {isa = PBXBuildFile; fileRef = 95D0100A1A268E2F00E3B655 /* NSDate+leDateFromString.swift */; };
		95D0100D1A26A3A700E3B655 /* ArtworkCollectionViewCell.swift in Sources */ = {isa = PBXBuildFile; fileRef = 95D0100C1A26A3A700E3B655 /* ArtworkCollectionViewCell.swift */; };
		95F78E7D1A2AB029009F8554 /* MediaPlayer.framework in Frameworks */ = {isa = PBXBuildFile; fileRef = 95F78E7C1A2AB029009F8554 /* MediaPlayer.framework */; };
		95F78E7F1A2CECC6009F8554 /* MediaPlayerView.swift in Sources */ = {isa = PBXBuildFile; fileRef = 95F78E7E1A2CECC6009F8554 /* MediaPlayerView.swift */; };
		95F78E811A2CEEB1009F8554 /* MediaPlayerView.xib in Resources */ = {isa = PBXBuildFile; fileRef = 95F78E801A2CEEB1009F8554 /* MediaPlayerView.xib */; };
		95F78E971A2E9353009F8554 /* ProgressNavigationController.swift in Sources */ = {isa = PBXBuildFile; fileRef = 95F78E961A2E9353009F8554 /* ProgressNavigationController.swift */; };
		95F78E991A2EA08D009F8554 /* EventReporter.swift in Sources */ = {isa = PBXBuildFile; fileRef = 95F78E981A2EA08D009F8554 /* EventReporter.swift */; };
/* End PBXBuildFile section */

/* Begin PBXContainerItemProxy section */
		9574A3481A24261B00399531 /* PBXContainerItemProxy */ = {
			isa = PBXContainerItemProxy;
			containerPortal = 9574A3271A24261B00399531 /* Project object */;
			proxyType = 1;
			remoteGlobalIDString = 9574A32E1A24261B00399531;
			remoteInfo = leexplorer;
		};
/* End PBXContainerItemProxy section */

/* Begin PBXFileReference section */
		44558FA7805968D613F04293 /* Pods.debug.xcconfig */ = {isa = PBXFileReference; includeInIndex = 1; lastKnownFileType = text.xcconfig; name = Pods.debug.xcconfig; path = "Pods/Target Support Files/Pods/Pods.debug.xcconfig"; sourceTree = "<group>"; };
		499297CF2F19DE4C5A5B4425 /* Pods.release.xcconfig */ = {isa = PBXFileReference; includeInIndex = 1; lastKnownFileType = text.xcconfig; name = Pods.release.xcconfig; path = "Pods/Target Support Files/Pods/Pods.release.xcconfig"; sourceTree = "<group>"; };
		50639E2347B4C9610E85F6F3 /* libPods.a */ = {isa = PBXFileReference; explicitFileType = archive.ar; includeInIndex = 0; path = libPods.a; sourceTree = BUILT_PRODUCTS_DIR; };
		952715541A2ED001008D43EF /* Crashlytics.framework */ = {isa = PBXFileReference; lastKnownFileType = wrapper.framework; path = Crashlytics.framework; sourceTree = "<group>"; };
		952715551A2ED001008D43EF /* Fabric.framework */ = {isa = PBXFileReference; lastKnownFileType = wrapper.framework; path = Fabric.framework; sourceTree = "<group>"; };
		952715581A2EDB05008D43EF /* CoreLocation.framework */ = {isa = PBXFileReference; lastKnownFileType = wrapper.framework; name = CoreLocation.framework; path = System/Library/Frameworks/CoreLocation.framework; sourceTree = SDKROOT; };
		9527155A1A2EDF58008D43EF /* SDKVersion.swift */ = {isa = PBXFileReference; fileEncoding = 4; lastKnownFileType = sourcecode.swift; path = SDKVersion.swift; sourceTree = "<group>"; };
		9527155C1A2F89D5008D43EF /* UIButton+Extensions.swift */ = {isa = PBXFileReference; fileEncoding = 4; lastKnownFileType = sourcecode.swift; path = "UIButton+Extensions.swift"; sourceTree = "<group>"; };
		9527155E1A2F8ADA008D43EF /* UIImageView+Extensions.swift */ = {isa = PBXFileReference; fileEncoding = 4; lastKnownFileType = sourcecode.swift; path = "UIImageView+Extensions.swift"; sourceTree = "<group>"; };
		9574A32F1A24261B00399531 /* leexplorer.app */ = {isa = PBXFileReference; explicitFileType = wrapper.application; includeInIndex = 0; path = leexplorer.app; sourceTree = BUILT_PRODUCTS_DIR; };
		9574A3331A24261B00399531 /* Info.plist */ = {isa = PBXFileReference; lastKnownFileType = text.plist.xml; path = Info.plist; sourceTree = "<group>"; };
		9574A3341A24261B00399531 /* AppDelegate.swift */ = {isa = PBXFileReference; lastKnownFileType = sourcecode.swift; path = AppDelegate.swift; sourceTree = "<group>"; };
		9574A3371A24261B00399531 /* leexplorer.xcdatamodel */ = {isa = PBXFileReference; lastKnownFileType = wrapper.xcdatamodel; path = leexplorer.xcdatamodel; sourceTree = "<group>"; };
		9574A3391A24261B00399531 /* GalleryListViewController.swift */ = {isa = PBXFileReference; lastKnownFileType = sourcecode.swift; path = GalleryListViewController.swift; sourceTree = "<group>"; };
		9574A33C1A24261B00399531 /* Base */ = {isa = PBXFileReference; lastKnownFileType = file.storyboard; name = Base; path = Base.lproj/Main.storyboard; sourceTree = "<group>"; };
		9574A33E1A24261B00399531 /* Images.xcassets */ = {isa = PBXFileReference; lastKnownFileType = folder.assetcatalog; path = Images.xcassets; sourceTree = "<group>"; };
		9574A3411A24261B00399531 /* Base */ = {isa = PBXFileReference; lastKnownFileType = file.xib; name = Base; path = Base.lproj/LaunchScreen.xib; sourceTree = "<group>"; };
		9574A3471A24261B00399531 /* leexplorerTests.xctest */ = {isa = PBXFileReference; explicitFileType = wrapper.cfbundle; includeInIndex = 0; path = leexplorerTests.xctest; sourceTree = BUILT_PRODUCTS_DIR; };
		9574A34C1A24261B00399531 /* Info.plist */ = {isa = PBXFileReference; lastKnownFileType = text.plist.xml; path = Info.plist; sourceTree = "<group>"; };
		9574A34D1A24261B00399531 /* leexplorerTests.swift */ = {isa = PBXFileReference; lastKnownFileType = sourcecode.swift; path = leexplorerTests.swift; sourceTree = "<group>"; };
		9574A35C1A24277D00399531 /* leexplorer-Bridging-Header.h */ = {isa = PBXFileReference; lastKnownFileType = sourcecode.c.h; path = "leexplorer-Bridging-Header.h"; sourceTree = "<group>"; };
		9574A35F1A24301F00399531 /* LeexplorerApi.swift */ = {isa = PBXFileReference; fileEncoding = 4; lastKnownFileType = sourcecode.swift; path = LeexplorerApi.swift; sourceTree = "<group>"; };
		9574A3611A2430CF00399531 /* Constants.swift */ = {isa = PBXFileReference; fileEncoding = 4; lastKnownFileType = sourcecode.swift; path = Constants.swift; sourceTree = "<group>"; };
		9574A3631A243CBC00399531 /* LELog.swift */ = {isa = PBXFileReference; fileEncoding = 4; lastKnownFileType = sourcecode.swift; path = LELog.swift; sourceTree = "<group>"; };
		9574A3681A24417400399531 /* GalleryCell.swift */ = {isa = PBXFileReference; fileEncoding = 4; lastKnownFileType = sourcecode.swift; path = GalleryCell.swift; sourceTree = "<group>"; };
		9574A36C1A24470300399531 /* GalleryCell.xib */ = {isa = PBXFileReference; fileEncoding = 4; lastKnownFileType = file.xib; path = GalleryCell.xib; sourceTree = "<group>"; };
		9574A36F1A24526A00399531 /* Gallery.swift */ = {isa = PBXFileReference; fileEncoding = 4; lastKnownFileType = sourcecode.swift; path = Gallery.swift; sourceTree = "<group>"; };
		95AD93771A27A5ED001F4DD9 /* MKButton.swift */ = {isa = PBXFileReference; fileEncoding = 4; lastKnownFileType = sourcecode.swift; path = MKButton.swift; sourceTree = "<group>"; };
		95AD93781A27A5ED001F4DD9 /* MKColor.swift */ = {isa = PBXFileReference; fileEncoding = 4; lastKnownFileType = sourcecode.swift; path = MKColor.swift; sourceTree = "<group>"; };
		95AD93791A27A5ED001F4DD9 /* MKLayer.swift */ = {isa = PBXFileReference; fileEncoding = 4; lastKnownFileType = sourcecode.swift; path = MKLayer.swift; sourceTree = "<group>"; };
		95AD937A1A27A5ED001F4DD9 /* MKTableViewCell.swift */ = {isa = PBXFileReference; fileEncoding = 4; lastKnownFileType = sourcecode.swift; path = MKTableViewCell.swift; sourceTree = "<group>"; };
		95AD937B1A27A5ED001F4DD9 /* MKTextField.swift */ = {isa = PBXFileReference; fileEncoding = 4; lastKnownFileType = sourcecode.swift; path = MKTextField.swift; sourceTree = "<group>"; };
		95AD937D1A27A5ED001F4DD9 /* NibDesignable.swift */ = {isa = PBXFileReference; fileEncoding = 4; lastKnownFileType = sourcecode.swift; path = NibDesignable.swift; sourceTree = "<group>"; };
		95B7D2791A26D8D000F0764C /* ArtworkProfileViewController.swift */ = {isa = PBXFileReference; fileEncoding = 4; lastKnownFileType = sourcecode.swift; path = ArtworkProfileViewController.swift; sourceTree = "<group>"; };
		95B7D27B1A26EC4800F0764C /* ArtworkProfileHeaderView.swift */ = {isa = PBXFileReference; fileEncoding = 4; lastKnownFileType = sourcecode.swift; path = ArtworkProfileHeaderView.swift; sourceTree = "<group>"; };
		95B7D27D1A26EC8D00F0764C /* ArtworkProfileHeaderView.xib */ = {isa = PBXFileReference; fileEncoding = 4; lastKnownFileType = file.xib; path = ArtworkProfileHeaderView.xib; sourceTree = "<group>"; };
		95B7D27F1A279C8E00F0764C /* NSDateFormatter+leShared.swift */ = {isa = PBXFileReference; fileEncoding = 4; lastKnownFileType = sourcecode.swift; path = "NSDateFormatter+leShared.swift"; sourceTree = "<group>"; };
		95CABB011A2AA47F00F354B2 /* MediaPlayerService.swift */ = {isa = PBXFileReference; fileEncoding = 4; lastKnownFileType = sourcecode.swift; path = MediaPlayerService.swift; sourceTree = "<group>"; };
		95CABB031A2AA55B00F354B2 /* AVFoundation.framework */ = {isa = PBXFileReference; lastKnownFileType = wrapper.framework; name = AVFoundation.framework; path = System/Library/Frameworks/AVFoundation.framework; sourceTree = SDKROOT; };
		95CD75431A24F7EA00974B3C /* Localizable.strings */ = {isa = PBXFileReference; fileEncoding = 4; lastKnownFileType = text.plist.strings; path = Localizable.strings; sourceTree = "<group>"; };
		95CD75451A24FBEE00974B3C /* Image.swift */ = {isa = PBXFileReference; fileEncoding = 4; lastKnownFileType = sourcecode.swift; path = Image.swift; sourceTree = "<group>"; };
		95CD75471A25369200974B3C /* MediaProcessor.swift */ = {isa = PBXFileReference; fileEncoding = 4; lastKnownFileType = sourcecode.swift; path = MediaProcessor.swift; sourceTree = "<group>"; };
		95D00FE11A25439C00E3B655 /* ColorPalette.swift */ = {isa = PBXFileReference; fileEncoding = 4; lastKnownFileType = sourcecode.swift; path = ColorPalette.swift; sourceTree = "<group>"; };
		95D00FEB1A25692A00E3B655 /* GalleryProfileViewController.swift */ = {isa = PBXFileReference; fileEncoding = 4; lastKnownFileType = sourcecode.swift; path = GalleryProfileViewController.swift; sourceTree = "<group>"; };
		95D00FF31A256BD700E3B655 /* ProfileSectionCell.swift */ = {isa = PBXFileReference; fileEncoding = 4; lastKnownFileType = sourcecode.swift; path = ProfileSectionCell.swift; sourceTree = "<group>"; };
		95D00FF41A256BD700E3B655 /* ProfileSectionCell.xib */ = {isa = PBXFileReference; fileEncoding = 4; lastKnownFileType = file.xib; path = ProfileSectionCell.xib; sourceTree = "<group>"; };
		95D00FF81A2588B200E3B655 /* GalleryProfileHeaderView.swift */ = {isa = PBXFileReference; fileEncoding = 4; lastKnownFileType = sourcecode.swift; path = GalleryProfileHeaderView.swift; sourceTree = "<group>"; };
		95D00FFA1A2588C600E3B655 /* GalleryProfileHeaderView.xib */ = {isa = PBXFileReference; fileEncoding = 4; lastKnownFileType = file.xib; path = GalleryProfileHeaderView.xib; sourceTree = "<group>"; };
		95D00FFD1A25B11700E3B655 /* QuartzCore.framework */ = {isa = PBXFileReference; lastKnownFileType = wrapper.framework; name = QuartzCore.framework; path = System/Library/Frameworks/QuartzCore.framework; sourceTree = SDKROOT; };
		95D00FFF1A26465700E3B655 /* GradientView.swift */ = {isa = PBXFileReference; fileEncoding = 4; lastKnownFileType = sourcecode.swift; path = GradientView.swift; sourceTree = "<group>"; };
		95D010011A266BD200E3B655 /* ArtworkListViewController.swift */ = {isa = PBXFileReference; fileEncoding = 4; lastKnownFileType = sourcecode.swift; path = ArtworkListViewController.swift; sourceTree = "<group>"; };
		95D010051A266FBB00E3B655 /* Artwork.swift */ = {isa = PBXFileReference; fileEncoding = 4; lastKnownFileType = sourcecode.swift; path = Artwork.swift; sourceTree = "<group>"; };
		95D010071A267EDA00E3B655 /* Audio.swift */ = {isa = PBXFileReference; fileEncoding = 4; lastKnownFileType = sourcecode.swift; path = Audio.swift; sourceTree = "<group>"; };
		95D0100A1A268E2F00E3B655 /* NSDate+leDateFromString.swift */ = {isa = PBXFileReference; fileEncoding = 4; lastKnownFileType = sourcecode.swift; path = "NSDate+leDateFromString.swift"; sourceTree = "<group>"; };
		95D0100C1A26A3A700E3B655 /* ArtworkCollectionViewCell.swift */ = {isa = PBXFileReference; fileEncoding = 4; lastKnownFileType = sourcecode.swift; path = ArtworkCollectionViewCell.swift; sourceTree = "<group>"; };
		95F78E7C1A2AB029009F8554 /* MediaPlayer.framework */ = {isa = PBXFileReference; lastKnownFileType = wrapper.framework; name = MediaPlayer.framework; path = System/Library/Frameworks/MediaPlayer.framework; sourceTree = SDKROOT; };
		95F78E7E1A2CECC6009F8554 /* MediaPlayerView.swift */ = {isa = PBXFileReference; fileEncoding = 4; lastKnownFileType = sourcecode.swift; path = MediaPlayerView.swift; sourceTree = "<group>"; };
		95F78E801A2CEEB1009F8554 /* MediaPlayerView.xib */ = {isa = PBXFileReference; fileEncoding = 4; lastKnownFileType = file.xib; path = MediaPlayerView.xib; sourceTree = "<group>"; };
		95F78E881A2E7222009F8554 /* libPods-CrashlyticsFramework.a */ = {isa = PBXFileReference; lastKnownFileType = archive.ar; name = "libPods-CrashlyticsFramework.a"; path = "Pods/build/Debug-iphoneos/libPods-CrashlyticsFramework.a"; sourceTree = "<group>"; };
		95F78E901A2E8C01009F8554 /* CoreGraphics.framework */ = {isa = PBXFileReference; lastKnownFileType = wrapper.framework; name = CoreGraphics.framework; path = System/Library/Frameworks/CoreGraphics.framework; sourceTree = SDKROOT; };
		95F78E921A2E8C09009F8554 /* Accelerate.framework */ = {isa = PBXFileReference; lastKnownFileType = wrapper.framework; name = Accelerate.framework; path = System/Library/Frameworks/Accelerate.framework; sourceTree = SDKROOT; };
		95F78E961A2E9353009F8554 /* ProgressNavigationController.swift */ = {isa = PBXFileReference; fileEncoding = 4; lastKnownFileType = sourcecode.swift; path = ProgressNavigationController.swift; sourceTree = "<group>"; };
		95F78E981A2EA08D009F8554 /* EventReporter.swift */ = {isa = PBXFileReference; fileEncoding = 4; lastKnownFileType = sourcecode.swift; path = EventReporter.swift; sourceTree = "<group>"; };
		B18F21E57C7947C4584BA14B /* libPods-leexplorer.a */ = {isa = PBXFileReference; explicitFileType = archive.ar; includeInIndex = 0; path = "libPods-leexplorer.a"; sourceTree = BUILT_PRODUCTS_DIR; };
/* End PBXFileReference section */

/* Begin PBXFrameworksBuildPhase section */
		9574A32C1A24261B00399531 /* Frameworks */ = {
			isa = PBXFrameworksBuildPhase;
			buildActionMask = 2147483647;
			files = (
				952715591A2EDB05008D43EF /* CoreLocation.framework in Frameworks */,
				95F78E7D1A2AB029009F8554 /* MediaPlayer.framework in Frameworks */,
				952715561A2ED001008D43EF /* Crashlytics.framework in Frameworks */,
				95CABB041A2AA55B00F354B2 /* AVFoundation.framework in Frameworks */,
				95D00FFE1A25B11700E3B655 /* QuartzCore.framework in Frameworks */,
				5CC4D440937A5D576C300EAA /* libPods.a in Frameworks */,
				952715571A2ED001008D43EF /* Fabric.framework in Frameworks */,
			);
			runOnlyForDeploymentPostprocessing = 0;
		};
		9574A3441A24261B00399531 /* Frameworks */ = {
			isa = PBXFrameworksBuildPhase;
			buildActionMask = 2147483647;
			files = (
			);
			runOnlyForDeploymentPostprocessing = 0;
		};
/* End PBXFrameworksBuildPhase section */

/* Begin PBXGroup section */
		2E2A5C072832B8CA30D73D24 /* Frameworks */ = {
			isa = PBXGroup;
			children = (
				952715581A2EDB05008D43EF /* CoreLocation.framework */,
				95F78E921A2E8C09009F8554 /* Accelerate.framework */,
				95F78E901A2E8C01009F8554 /* CoreGraphics.framework */,
				95F78E881A2E7222009F8554 /* libPods-CrashlyticsFramework.a */,
				95F78E7C1A2AB029009F8554 /* MediaPlayer.framework */,
				95CABB031A2AA55B00F354B2 /* AVFoundation.framework */,
				95D00FFD1A25B11700E3B655 /* QuartzCore.framework */,
				50639E2347B4C9610E85F6F3 /* libPods.a */,
				B18F21E57C7947C4584BA14B /* libPods-leexplorer.a */,
			);
			name = Frameworks;
			sourceTree = "<group>";
		};
		9574A3261A24261B00399531 = {
			isa = PBXGroup;
			children = (
				952715541A2ED001008D43EF /* Crashlytics.framework */,
				952715551A2ED001008D43EF /* Fabric.framework */,
				9574A3311A24261B00399531 /* leexplorer */,
				9574A34A1A24261B00399531 /* leexplorerTests */,
				9574A3301A24261B00399531 /* Products */,
				DF3886A16946E8231E5AB677 /* Pods */,
				2E2A5C072832B8CA30D73D24 /* Frameworks */,
			);
			sourceTree = "<group>";
		};
		9574A3301A24261B00399531 /* Products */ = {
			isa = PBXGroup;
			children = (
				9574A32F1A24261B00399531 /* leexplorer.app */,
				9574A3471A24261B00399531 /* leexplorerTests.xctest */,
			);
			name = Products;
			sourceTree = "<group>";
		};
		9574A3311A24261B00399531 /* leexplorer */ = {
			isa = PBXGroup;
			children = (
				95CABB001A2AA46B00F354B2 /* Services */,
				95D010091A268D7A00E3B655 /* Extensions */,
				9574A3651A2440F100399531 /* Libs */,
				9574A3581A24264E00399531 /* Apis */,
				9574A35A1A24266600399531 /* App */,
				9574A3571A24264400399531 /* Controllers */,
				9574A35B1A24268300399531 /* Models */,
				9574A3591A24265900399531 /* Views */,
				9574A3321A24261B00399531 /* Supporting Files */,
			);
			path = leexplorer;
			sourceTree = "<group>";
		};
		9574A3321A24261B00399531 /* Supporting Files */ = {
			isa = PBXGroup;
			children = (
				9574A3331A24261B00399531 /* Info.plist */,
			);
			name = "Supporting Files";
			sourceTree = "<group>";
		};
		9574A34A1A24261B00399531 /* leexplorerTests */ = {
			isa = PBXGroup;
			children = (
				9574A34D1A24261B00399531 /* leexplorerTests.swift */,
				9574A34B1A24261B00399531 /* Supporting Files */,
			);
			path = leexplorerTests;
			sourceTree = "<group>";
		};
		9574A34B1A24261B00399531 /* Supporting Files */ = {
			isa = PBXGroup;
			children = (
				9574A34C1A24261B00399531 /* Info.plist */,
			);
			name = "Supporting Files";
			sourceTree = "<group>";
		};
		9574A3571A24264400399531 /* Controllers */ = {
			isa = PBXGroup;
			children = (
				9574A3391A24261B00399531 /* GalleryListViewController.swift */,
				95D00FEB1A25692A00E3B655 /* GalleryProfileViewController.swift */,
				95D010011A266BD200E3B655 /* ArtworkListViewController.swift */,
				95B7D2791A26D8D000F0764C /* ArtworkProfileViewController.swift */,
				95F78E961A2E9353009F8554 /* ProgressNavigationController.swift */,
			);
			name = Controllers;
			sourceTree = "<group>";
		};
		9574A3581A24264E00399531 /* Apis */ = {
			isa = PBXGroup;
			children = (
				9574A35F1A24301F00399531 /* LeexplorerApi.swift */,
				95CD75471A25369200974B3C /* MediaProcessor.swift */,
			);
			name = Apis;
			sourceTree = "<group>";
		};
		9574A3591A24265900399531 /* Views */ = {
			isa = PBXGroup;
			children = (
				9574A3401A24261B00399531 /* LaunchScreen.xib */,
				9574A33B1A24261B00399531 /* Main.storyboard */,
				9574A3681A24417400399531 /* GalleryCell.swift */,
				9574A36C1A24470300399531 /* GalleryCell.xib */,
				95D00FF31A256BD700E3B655 /* ProfileSectionCell.swift */,
				95D00FF41A256BD700E3B655 /* ProfileSectionCell.xib */,
				95D00FF81A2588B200E3B655 /* GalleryProfileHeaderView.swift */,
				95D00FFA1A2588C600E3B655 /* GalleryProfileHeaderView.xib */,
				95D00FFF1A26465700E3B655 /* GradientView.swift */,
				95D0100C1A26A3A700E3B655 /* ArtworkCollectionViewCell.swift */,
				95B7D27B1A26EC4800F0764C /* ArtworkProfileHeaderView.swift */,
				95B7D27D1A26EC8D00F0764C /* ArtworkProfileHeaderView.xib */,
				95F78E7E1A2CECC6009F8554 /* MediaPlayerView.swift */,
				95F78E801A2CEEB1009F8554 /* MediaPlayerView.xib */,
			);
			name = Views;
			sourceTree = "<group>";
		};
		9574A35A1A24266600399531 /* App */ = {
			isa = PBXGroup;
			children = (
				9574A33E1A24261B00399531 /* Images.xcassets */,
				9574A3611A2430CF00399531 /* Constants.swift */,
				9574A3631A243CBC00399531 /* LELog.swift */,
				9574A35C1A24277D00399531 /* leexplorer-Bridging-Header.h */,
				9574A3341A24261B00399531 /* AppDelegate.swift */,
				95CD75431A24F7EA00974B3C /* Localizable.strings */,
				95D00FE11A25439C00E3B655 /* ColorPalette.swift */,
				95F78E981A2EA08D009F8554 /* EventReporter.swift */,
				9527155A1A2EDF58008D43EF /* SDKVersion.swift */,
			);
			name = App;
			sourceTree = "<group>";
		};
		9574A35B1A24268300399531 /* Models */ = {
			isa = PBXGroup;
			children = (
				9574A3361A24261B00399531 /* leexplorer.xcdatamodeld */,
				9574A36F1A24526A00399531 /* Gallery.swift */,
				95CD75451A24FBEE00974B3C /* Image.swift */,
				95D010051A266FBB00E3B655 /* Artwork.swift */,
				95D010071A267EDA00E3B655 /* Audio.swift */,
			);
			name = Models;
			sourceTree = "<group>";
		};
		9574A3651A2440F100399531 /* Libs */ = {
			isa = PBXGroup;
			children = (
				95AD93761A27A5ED001F4DD9 /* MaterialKit */,
				95AD937C1A27A5ED001F4DD9 /* NibDesignable */,
			);
			name = Libs;
			sourceTree = "<group>";
		};
		95AD93761A27A5ED001F4DD9 /* MaterialKit */ = {
			isa = PBXGroup;
			children = (
				95AD93771A27A5ED001F4DD9 /* MKButton.swift */,
				95AD93781A27A5ED001F4DD9 /* MKColor.swift */,
				95AD93791A27A5ED001F4DD9 /* MKLayer.swift */,
				95AD937A1A27A5ED001F4DD9 /* MKTableViewCell.swift */,
				95AD937B1A27A5ED001F4DD9 /* MKTextField.swift */,
			);
			name = MaterialKit;
			path = Libs/MaterialKit;
			sourceTree = "<group>";
		};
		95AD937C1A27A5ED001F4DD9 /* NibDesignable */ = {
			isa = PBXGroup;
			children = (
				95AD937D1A27A5ED001F4DD9 /* NibDesignable.swift */,
			);
			name = NibDesignable;
			path = Libs/NibDesignable;
			sourceTree = "<group>";
		};
		95CABB001A2AA46B00F354B2 /* Services */ = {
			isa = PBXGroup;
			children = (
				95CABB011A2AA47F00F354B2 /* MediaPlayerService.swift */,
			);
			name = Services;
			sourceTree = "<group>";
		};
		95D010091A268D7A00E3B655 /* Extensions */ = {
			isa = PBXGroup;
			children = (
				95D0100A1A268E2F00E3B655 /* NSDate+leDateFromString.swift */,
				95B7D27F1A279C8E00F0764C /* NSDateFormatter+leShared.swift */,
				9527155C1A2F89D5008D43EF /* UIButton+Extensions.swift */,
				9527155E1A2F8ADA008D43EF /* UIImageView+Extensions.swift */,
			);
			name = Extensions;
			sourceTree = "<group>";
		};
		DF3886A16946E8231E5AB677 /* Pods */ = {
			isa = PBXGroup;
			children = (
				44558FA7805968D613F04293 /* Pods.debug.xcconfig */,
				499297CF2F19DE4C5A5B4425 /* Pods.release.xcconfig */,
			);
			name = Pods;
			sourceTree = "<group>";
		};
/* End PBXGroup section */

/* Begin PBXNativeTarget section */
		9574A32E1A24261B00399531 /* leexplorer */ = {
			isa = PBXNativeTarget;
			buildConfigurationList = 9574A3511A24261B00399531 /* Build configuration list for PBXNativeTarget "leexplorer" */;
			buildPhases = (
				9A3AC4F602F70F977F9B4537 /* Check Pods Manifest.lock */,
				9574A32B1A24261B00399531 /* Sources */,
				9574A32C1A24261B00399531 /* Frameworks */,
				9574A32D1A24261B00399531 /* Resources */,
				010FD31F5A5370EFBFDB0AE5 /* Copy Pods Resources */,
				95F78E851A2E6861009F8554 /* ShellScript */,
			);
			buildRules = (
			);
			dependencies = (
			);
			name = leexplorer;
			productName = leexplorer;
			productReference = 9574A32F1A24261B00399531 /* leexplorer.app */;
			productType = "com.apple.product-type.application";
		};
		9574A3461A24261B00399531 /* leexplorerTests */ = {
			isa = PBXNativeTarget;
			buildConfigurationList = 9574A3541A24261B00399531 /* Build configuration list for PBXNativeTarget "leexplorerTests" */;
			buildPhases = (
				9574A3431A24261B00399531 /* Sources */,
				9574A3441A24261B00399531 /* Frameworks */,
				9574A3451A24261B00399531 /* Resources */,
			);
			buildRules = (
			);
			dependencies = (
				9574A3491A24261B00399531 /* PBXTargetDependency */,
			);
			name = leexplorerTests;
			productName = leexplorerTests;
			productReference = 9574A3471A24261B00399531 /* leexplorerTests.xctest */;
			productType = "com.apple.product-type.bundle.unit-test";
		};
/* End PBXNativeTarget section */

/* Begin PBXProject section */
		9574A3271A24261B00399531 /* Project object */ = {
			isa = PBXProject;
			attributes = {
				LastUpgradeCheck = 0610;
				ORGANIZATIONNAME = leexplorer;
				TargetAttributes = {
					9574A32E1A24261B00399531 = {
						CreatedOnToolsVersion = 6.1;
						SystemCapabilities = {
							com.apple.BackgroundModes = {
								enabled = 1;
							};
						};
					};
					9574A3461A24261B00399531 = {
						CreatedOnToolsVersion = 6.1;
						TestTargetID = 9574A32E1A24261B00399531;
					};
				};
			};
			buildConfigurationList = 9574A32A1A24261B00399531 /* Build configuration list for PBXProject "leexplorer" */;
			compatibilityVersion = "Xcode 3.2";
			developmentRegion = English;
			hasScannedForEncodings = 0;
			knownRegions = (
				en,
				Base,
			);
			mainGroup = 9574A3261A24261B00399531;
			productRefGroup = 9574A3301A24261B00399531 /* Products */;
			projectDirPath = "";
			projectRoot = "";
			targets = (
				9574A32E1A24261B00399531 /* leexplorer */,
				9574A3461A24261B00399531 /* leexplorerTests */,
			);
		};
/* End PBXProject section */

/* Begin PBXResourcesBuildPhase section */
		9574A32D1A24261B00399531 /* Resources */ = {
			isa = PBXResourcesBuildPhase;
			buildActionMask = 2147483647;
			files = (
				95CD75441A24F7EA00974B3C /* Localizable.strings in Resources */,
				9574A36D1A24470300399531 /* GalleryCell.xib in Resources */,
				95F78E811A2CEEB1009F8554 /* MediaPlayerView.xib in Resources */,
				9574A33D1A24261B00399531 /* Main.storyboard in Resources */,
				9574A3421A24261B00399531 /* LaunchScreen.xib in Resources */,
				95B7D27E1A26EC8D00F0764C /* ArtworkProfileHeaderView.xib in Resources */,
				95D00FFB1A2588C600E3B655 /* GalleryProfileHeaderView.xib in Resources */,
				9574A33F1A24261B00399531 /* Images.xcassets in Resources */,
				95D00FF61A256BD700E3B655 /* ProfileSectionCell.xib in Resources */,
			);
			runOnlyForDeploymentPostprocessing = 0;
		};
		9574A3451A24261B00399531 /* Resources */ = {
			isa = PBXResourcesBuildPhase;
			buildActionMask = 2147483647;
			files = (
			);
			runOnlyForDeploymentPostprocessing = 0;
		};
/* End PBXResourcesBuildPhase section */

/* Begin PBXShellScriptBuildPhase section */
		010FD31F5A5370EFBFDB0AE5 /* Copy Pods Resources */ = {
			isa = PBXShellScriptBuildPhase;
			buildActionMask = 2147483647;
			files = (
			);
			inputPaths = (
			);
			name = "Copy Pods Resources";
			outputPaths = (
			);
			runOnlyForDeploymentPostprocessing = 0;
			shellPath = /bin/sh;
			shellScript = "\"${SRCROOT}/Pods/Target Support Files/Pods/Pods-resources.sh\"\n";
			showEnvVarsInLog = 0;
		};
		95F78E851A2E6861009F8554 /* ShellScript */ = {
			isa = PBXShellScriptBuildPhase;
			buildActionMask = 2147483647;
			files = (
			);
			inputPaths = (
			);
			outputPaths = (
			);
			runOnlyForDeploymentPostprocessing = 0;
			shellPath = /bin/sh;
			shellScript = "./Fabric.framework/run 784c2938b3665197590a2e58f88565ff7f11f7d9 81b9ad02d125d98b1c314cb9fd6b2b87c19d2b9bc4bf7eedc697d155dd9509bd";
		};
		9A3AC4F602F70F977F9B4537 /* Check Pods Manifest.lock */ = {
			isa = PBXShellScriptBuildPhase;
			buildActionMask = 2147483647;
			files = (
			);
			inputPaths = (
			);
			name = "Check Pods Manifest.lock";
			outputPaths = (
			);
			runOnlyForDeploymentPostprocessing = 0;
			shellPath = /bin/sh;
			shellScript = "diff \"${PODS_ROOT}/../Podfile.lock\" \"${PODS_ROOT}/Manifest.lock\" > /dev/null\nif [[ $? != 0 ]] ; then\n    cat << EOM\nerror: The sandbox is not in sync with the Podfile.lock. Run 'pod install' or update your CocoaPods installation.\nEOM\n    exit 1\nfi\n";
			showEnvVarsInLog = 0;
		};
/* End PBXShellScriptBuildPhase section */

/* Begin PBXSourcesBuildPhase section */
		9574A32B1A24261B00399531 /* Sources */ = {
			isa = PBXSourcesBuildPhase;
			buildActionMask = 2147483647;
			files = (
				95D010021A266BD200E3B655 /* ArtworkListViewController.swift in Sources */,
				95CABB021A2AA47F00F354B2 /* MediaPlayerService.swift in Sources */,
				95AD93801A27A5ED001F4DD9 /* MKLayer.swift in Sources */,
				9574A3621A2430CF00399531 /* Constants.swift in Sources */,
				95CD75481A25369200974B3C /* MediaProcessor.swift in Sources */,
				9527155B1A2EDF58008D43EF /* SDKVersion.swift in Sources */,
				95D00FF91A2588B200E3B655 /* GalleryProfileHeaderView.swift in Sources */,
				95B7D2801A279C8E00F0764C /* NSDateFormatter+leShared.swift in Sources */,
				9527155D1A2F89D5008D43EF /* UIButton+Extensions.swift in Sources */,
				95AD93831A27A5ED001F4DD9 /* NibDesignable.swift in Sources */,
				95B7D27C1A26EC4800F0764C /* ArtworkProfileHeaderView.swift in Sources */,
				9574A3701A24526A00399531 /* Gallery.swift in Sources */,
				9574A3641A243CBC00399531 /* LELog.swift in Sources */,
				95AD93821A27A5ED001F4DD9 /* MKTextField.swift in Sources */,
				95D010081A267EDA00E3B655 /* Audio.swift in Sources */,
				9527155F1A2F8ADA008D43EF /* UIImageView+Extensions.swift in Sources */,
				95D010001A26465700E3B655 /* GradientView.swift in Sources */,
				9574A33A1A24261B00399531 /* GalleryListViewController.swift in Sources */,
				95D00FEC1A25692A00E3B655 /* GalleryProfileViewController.swift in Sources */,
				95D0100D1A26A3A700E3B655 /* ArtworkCollectionViewCell.swift in Sources */,
				95F78E7F1A2CECC6009F8554 /* MediaPlayerView.swift in Sources */,
				9574A3691A24417400399531 /* GalleryCell.swift in Sources */,
				9574A3351A24261B00399531 /* AppDelegate.swift in Sources */,
				95F78E991A2EA08D009F8554 /* EventReporter.swift in Sources */,
				95D00FF51A256BD700E3B655 /* ProfileSectionCell.swift in Sources */,
				95D0100B1A268E2F00E3B655 /* NSDate+leDateFromString.swift in Sources */,
				9574A3601A24301F00399531 /* LeexplorerApi.swift in Sources */,
				95AD937F1A27A5ED001F4DD9 /* MKColor.swift in Sources */,
				9574A3381A24261B00399531 /* leexplorer.xcdatamodeld in Sources */,
				95CD75461A24FBEE00974B3C /* Image.swift in Sources */,
				95D010061A266FBB00E3B655 /* Artwork.swift in Sources */,
				95AD93811A27A5ED001F4DD9 /* MKTableViewCell.swift in Sources */,
				95AD937E1A27A5ED001F4DD9 /* MKButton.swift in Sources */,
				95D00FE21A25439C00E3B655 /* ColorPalette.swift in Sources */,
				95F78E971A2E9353009F8554 /* ProgressNavigationController.swift in Sources */,
				95B7D27A1A26D8D000F0764C /* ArtworkProfileViewController.swift in Sources */,
			);
			runOnlyForDeploymentPostprocessing = 0;
		};
		9574A3431A24261B00399531 /* Sources */ = {
			isa = PBXSourcesBuildPhase;
			buildActionMask = 2147483647;
			files = (
				9574A34E1A24261B00399531 /* leexplorerTests.swift in Sources */,
			);
			runOnlyForDeploymentPostprocessing = 0;
		};
/* End PBXSourcesBuildPhase section */

/* Begin PBXTargetDependency section */
		9574A3491A24261B00399531 /* PBXTargetDependency */ = {
			isa = PBXTargetDependency;
			target = 9574A32E1A24261B00399531 /* leexplorer */;
			targetProxy = 9574A3481A24261B00399531 /* PBXContainerItemProxy */;
		};
/* End PBXTargetDependency section */

/* Begin PBXVariantGroup section */
		9574A33B1A24261B00399531 /* Main.storyboard */ = {
			isa = PBXVariantGroup;
			children = (
				9574A33C1A24261B00399531 /* Base */,
			);
			name = Main.storyboard;
			sourceTree = "<group>";
		};
		9574A3401A24261B00399531 /* LaunchScreen.xib */ = {
			isa = PBXVariantGroup;
			children = (
				9574A3411A24261B00399531 /* Base */,
			);
			name = LaunchScreen.xib;
			sourceTree = "<group>";
		};
/* End PBXVariantGroup section */

/* Begin XCBuildConfiguration section */
		9574A34F1A24261B00399531 /* Debug */ = {
			isa = XCBuildConfiguration;
			buildSettings = {
				ALWAYS_SEARCH_USER_PATHS = NO;
				CLANG_CXX_LANGUAGE_STANDARD = "gnu++0x";
				CLANG_CXX_LIBRARY = "libc++";
				CLANG_ENABLE_MODULES = YES;
				CLANG_ENABLE_OBJC_ARC = YES;
				CLANG_WARN_BOOL_CONVERSION = YES;
				CLANG_WARN_CONSTANT_CONVERSION = YES;
				CLANG_WARN_DIRECT_OBJC_ISA_USAGE = YES_ERROR;
				CLANG_WARN_EMPTY_BODY = YES;
				CLANG_WARN_ENUM_CONVERSION = YES;
				CLANG_WARN_INT_CONVERSION = YES;
				CLANG_WARN_OBJC_ROOT_CLASS = YES_ERROR;
				CLANG_WARN_UNREACHABLE_CODE = YES;
				CLANG_WARN__DUPLICATE_METHOD_MATCH = YES;
				"CODE_SIGN_IDENTITY[sdk=iphoneos*]" = "iPhone Developer";
				COPY_PHASE_STRIP = NO;
				ENABLE_STRICT_OBJC_MSGSEND = YES;
				GCC_C_LANGUAGE_STANDARD = gnu99;
				GCC_DYNAMIC_NO_PIC = NO;
				GCC_OPTIMIZATION_LEVEL = 0;
				GCC_PREPROCESSOR_DEFINITIONS = (
					"DEBUG=1",
					"$(inherited)",
				);
				GCC_SYMBOLS_PRIVATE_EXTERN = NO;
				GCC_WARN_64_TO_32_BIT_CONVERSION = YES;
				GCC_WARN_ABOUT_RETURN_TYPE = YES_ERROR;
				GCC_WARN_UNDECLARED_SELECTOR = YES;
				GCC_WARN_UNINITIALIZED_AUTOS = YES_AGGRESSIVE;
				GCC_WARN_UNUSED_FUNCTION = YES;
				GCC_WARN_UNUSED_VARIABLE = YES;
				IPHONEOS_DEPLOYMENT_TARGET = 8.1;
				MTL_ENABLE_DEBUG_INFO = YES;
				ONLY_ACTIVE_ARCH = YES;
				SDKROOT = iphoneos;
				SWIFT_OPTIMIZATION_LEVEL = "-Onone";
			};
			name = Debug;
		};
		9574A3501A24261B00399531 /* Release */ = {
			isa = XCBuildConfiguration;
			buildSettings = {
				ALWAYS_SEARCH_USER_PATHS = NO;
				CLANG_CXX_LANGUAGE_STANDARD = "gnu++0x";
				CLANG_CXX_LIBRARY = "libc++";
				CLANG_ENABLE_MODULES = YES;
				CLANG_ENABLE_OBJC_ARC = YES;
				CLANG_WARN_BOOL_CONVERSION = YES;
				CLANG_WARN_CONSTANT_CONVERSION = YES;
				CLANG_WARN_DIRECT_OBJC_ISA_USAGE = YES_ERROR;
				CLANG_WARN_EMPTY_BODY = YES;
				CLANG_WARN_ENUM_CONVERSION = YES;
				CLANG_WARN_INT_CONVERSION = YES;
				CLANG_WARN_OBJC_ROOT_CLASS = YES_ERROR;
				CLANG_WARN_UNREACHABLE_CODE = YES;
				CLANG_WARN__DUPLICATE_METHOD_MATCH = YES;
				"CODE_SIGN_IDENTITY[sdk=iphoneos*]" = "iPhone Developer";
				COPY_PHASE_STRIP = YES;
				ENABLE_NS_ASSERTIONS = NO;
				ENABLE_STRICT_OBJC_MSGSEND = YES;
				GCC_C_LANGUAGE_STANDARD = gnu99;
				GCC_WARN_64_TO_32_BIT_CONVERSION = YES;
				GCC_WARN_ABOUT_RETURN_TYPE = YES_ERROR;
				GCC_WARN_UNDECLARED_SELECTOR = YES;
				GCC_WARN_UNINITIALIZED_AUTOS = YES_AGGRESSIVE;
				GCC_WARN_UNUSED_FUNCTION = YES;
				GCC_WARN_UNUSED_VARIABLE = YES;
				IPHONEOS_DEPLOYMENT_TARGET = 8.1;
				MTL_ENABLE_DEBUG_INFO = NO;
				SDKROOT = iphoneos;
				VALIDATE_PRODUCT = YES;
			};
			name = Release;
		};
		9574A3521A24261B00399531 /* Debug */ = {
			isa = XCBuildConfiguration;
			baseConfigurationReference = 44558FA7805968D613F04293 /* Pods.debug.xcconfig */;
			buildSettings = {
				ASSETCATALOG_COMPILER_APPICON_NAME = AppIcon;
				ASSETCATALOG_COMPILER_LAUNCHIMAGE_NAME = LaunchImage;
				CLANG_ENABLE_MODULES = YES;
				FRAMEWORK_SEARCH_PATHS = (
					"$(inherited)",
					"$(PROJECT_DIR)",
				);
				INFOPLIST_FILE = leexplorer/Info.plist;
				IPHONEOS_DEPLOYMENT_TARGET = 7.0;
				LD_RUNPATH_SEARCH_PATHS = "$(inherited) @executable_path/Frameworks";
				LIBRARY_SEARCH_PATHS = (
					"$(inherited)",
					"$(PROJECT_DIR)/Pods/build/Debug-iphoneos",
				);
				"OTHER_SWIFT_FLAGS[arch=*]" = "-D DEBUG";
				PRODUCT_NAME = "$(TARGET_NAME)";
				SWIFT_OBJC_BRIDGING_HEADER = "leexplorer/leexplorer-Bridging-Header.h";
				SWIFT_OPTIMIZATION_LEVEL = "-Onone";
			};
			name = Debug;
		};
		9574A3531A24261B00399531 /* Release */ = {
			isa = XCBuildConfiguration;
			baseConfigurationReference = 499297CF2F19DE4C5A5B4425 /* Pods.release.xcconfig */;
			buildSettings = {
				ASSETCATALOG_COMPILER_APPICON_NAME = AppIcon;
				ASSETCATALOG_COMPILER_LAUNCHIMAGE_NAME = LaunchImage;
				CLANG_ENABLE_MODULES = YES;
				FRAMEWORK_SEARCH_PATHS = (
					"$(inherited)",
					"$(PROJECT_DIR)",
				);
				INFOPLIST_FILE = leexplorer/Info.plist;
				IPHONEOS_DEPLOYMENT_TARGET = 7.0;
				LD_RUNPATH_SEARCH_PATHS = "$(inherited) @executable_path/Frameworks";
				LIBRARY_SEARCH_PATHS = (
					"$(inherited)",
					"$(PROJECT_DIR)/Pods/build/Debug-iphoneos",
				);
				PRODUCT_NAME = "$(TARGET_NAME)";
				SWIFT_OBJC_BRIDGING_HEADER = "leexplorer/leexplorer-Bridging-Header.h";
			};
			name = Release;
		};
		9574A3551A24261B00399531 /* Debug */ = {
			isa = XCBuildConfiguration;
			buildSettings = {
				BUNDLE_LOADER = "$(TEST_HOST)";
				FRAMEWORK_SEARCH_PATHS = (
					"$(SDKROOT)/Developer/Library/Frameworks",
					"$(inherited)",
				);
				GCC_PREPROCESSOR_DEFINITIONS = (
					"DEBUG=1",
					"$(inherited)",
				);
				INFOPLIST_FILE = leexplorerTests/Info.plist;
				LD_RUNPATH_SEARCH_PATHS = "$(inherited) @executable_path/Frameworks @loader_path/Frameworks";
				PRODUCT_NAME = "$(TARGET_NAME)";
				TEST_HOST = "$(BUILT_PRODUCTS_DIR)/leexplorer.app/leexplorer";
			};
			name = Debug;
		};
		9574A3561A24261B00399531 /* Release */ = {
			isa = XCBuildConfiguration;
			buildSettings = {
				BUNDLE_LOADER = "$(TEST_HOST)";
				FRAMEWORK_SEARCH_PATHS = (
					"$(SDKROOT)/Developer/Library/Frameworks",
					"$(inherited)",
				);
				INFOPLIST_FILE = leexplorerTests/Info.plist;
				LD_RUNPATH_SEARCH_PATHS = "$(inherited) @executable_path/Frameworks @loader_path/Frameworks";
				PRODUCT_NAME = "$(TARGET_NAME)";
				TEST_HOST = "$(BUILT_PRODUCTS_DIR)/leexplorer.app/leexplorer";
			};
			name = Release;
		};
/* End XCBuildConfiguration section */

/* Begin XCConfigurationList section */
		9574A32A1A24261B00399531 /* Build configuration list for PBXProject "leexplorer" */ = {
			isa = XCConfigurationList;
			buildConfigurations = (
				9574A34F1A24261B00399531 /* Debug */,
				9574A3501A24261B00399531 /* Release */,
			);
			defaultConfigurationIsVisible = 0;
			defaultConfigurationName = Release;
		};
		9574A3511A24261B00399531 /* Build configuration list for PBXNativeTarget "leexplorer" */ = {
			isa = XCConfigurationList;
			buildConfigurations = (
				9574A3521A24261B00399531 /* Debug */,
				9574A3531A24261B00399531 /* Release */,
			);
			defaultConfigurationIsVisible = 0;
			defaultConfigurationName = Release;
		};
		9574A3541A24261B00399531 /* Build configuration list for PBXNativeTarget "leexplorerTests" */ = {
			isa = XCConfigurationList;
			buildConfigurations = (
				9574A3551A24261B00399531 /* Debug */,
				9574A3561A24261B00399531 /* Release */,
			);
			defaultConfigurationIsVisible = 0;
			defaultConfigurationName = Release;
		};
/* End XCConfigurationList section */

/* Begin XCVersionGroup section */
		9574A3361A24261B00399531 /* leexplorer.xcdatamodeld */ = {
			isa = XCVersionGroup;
			children = (
				9574A3371A24261B00399531 /* leexplorer.xcdatamodel */,
			);
			currentVersion = 9574A3371A24261B00399531 /* leexplorer.xcdatamodel */;
			path = leexplorer.xcdatamodeld;
			sourceTree = "<group>";
			versionGroupType = wrapper.xcdatamodel;
		};
/* End XCVersionGroup section */
	};
	rootObject = 9574A3271A24261B00399531 /* Project object */;
}
